
Microsoft Visual Studio Solution File, Format Version 12.00
# Visual Studio 15
VisualStudioVersion = 15.0.27428.2037
MinimumVisualStudioVersion = 10.0.40219.1
Project("{FAE04EC0-301F-11D3-BF4B-00C04F79EFBC}") = "UC0001WebForm", "UC0001WebForm\UC0001WebForm.csproj", "{9372B129-5E31-4369-865E-47400216C8D3}"
EndProject
Project("{FAE04EC0-301F-11D3-BF4B-00C04F79EFBC}") = "UC0001WebForm.Tests", "UC0001WebForm.Tests\UC0001WebForm.Tests.csproj", "{90422117-3874-4CA5-BD76-EC7A5FA75BCE}"
EndProject
Global
	GlobalSection(SolutionConfigurationPlatforms) = preSolution
		Debug|Any CPU = Debug|Any CPU
		Release|Any CPU = Release|Any CPU
	EndGlobalSection
	GlobalSection(ProjectConfigurationPlatforms) = postSolution
		{9372B129-5E31-4369-865E-47400216C8D3}.Debug|Any CPU.ActiveCfg = Debug|Any CPU
		{9372B129-5E31-4369-865E-47400216C8D3}.Debug|Any CPU.Build.0 = Debug|Any CPU
		{9372B129-5E31-4369-865E-47400216C8D3}.Release|Any CPU.ActiveCfg = Release|Any CPU
		{9372B129-5E31-4369-865E-47400216C8D3}.Release|Any CPU.Build.0 = Release|Any CPU
		{90422117-3874-4CA5-BD76-EC7A5FA75BCE}.Debug|Any CPU.ActiveCfg = Debug|Any CPU
		{90422117-3874-4CA5-BD76-EC7A5FA75BCE}.Debug|Any CPU.Build.0 = Debug|Any CPU
		{90422117-3874-4CA5-BD76-EC7A5FA75BCE}.Release|Any CPU.ActiveCfg = Release|Any CPU
		{90422117-3874-4CA5-BD76-EC7A5FA75BCE}.Release|Any CPU.Build.0 = Release|Any CPU
	EndGlobalSection
	GlobalSection(SolutionProperties) = preSolution
		HideSolutionNode = FALSE
	EndGlobalSection
	GlobalSection(ExtensibilityGlobals) = postSolution
		SolutionGuid = {0E351B09-BA09-4F39-9424-EB921EAD01F8}
	EndGlobalSection
EndGlobal
